
Microsoft Visual Studio Solution File, Format Version 12.00
# Visual Studio Version 17
VisualStudioVersion = 17.0.31903.59
MinimumVisualStudioVersion = 10.0.40219.1
Project("{FAE04EC0-301F-11D3-BF4B-00C04F79EFBC}") = "Calculadora", "Calculadora\Calculadora.csproj", "{E90AFD3E-6D04-4304-9327-02F0C14664F6}"
EndProject
Project("{FAE04EC0-301F-11D3-BF4B-00C04F79EFBC}") = "Calculadora.Tests", "Calculadora.Tests\Calculadora.Tests.csproj", "{04D59475-BF5E-472A-A742-6AC7EC2AACE9}"
EndProject
Global
	GlobalSection(SolutionConfigurationPlatforms) = preSolution
		Debug|Any CPU = Debug|Any CPU
		Release|Any CPU = Release|Any CPU
	EndGlobalSection
	GlobalSection(SolutionProperties) = preSolution
		HideSolutionNode = FALSE
	EndGlobalSection
	GlobalSection(ProjectConfigurationPlatforms) = postSolution
		{E90AFD3E-6D04-4304-9327-02F0C14664F6}.Debug|Any CPU.ActiveCfg = Debug|Any CPU
		{E90AFD3E-6D04-4304-9327-02F0C14664F6}.Debug|Any CPU.Build.0 = Debug|Any CPU
		{E90AFD3E-6D04-4304-9327-02F0C14664F6}.Release|Any CPU.ActiveCfg = Release|Any CPU
		{E90AFD3E-6D04-4304-9327-02F0C14664F6}.Release|Any CPU.Build.0 = Release|Any CPU
		{04D59475-BF5E-472A-A742-6AC7EC2AACE9}.Debug|Any CPU.ActiveCfg = Debug|Any CPU
		{04D59475-BF5E-472A-A742-6AC7EC2AACE9}.Debug|Any CPU.Build.0 = Debug|Any CPU
		{04D59475-BF5E-472A-A742-6AC7EC2AACE9}.Release|Any CPU.ActiveCfg = Release|Any CPU
		{04D59475-BF5E-472A-A742-6AC7EC2AACE9}.Release|Any CPU.Build.0 = Release|Any CPU
	EndGlobalSection
EndGlobal
